
Microsoft Visual Studio Solution File, Format Version 12.00
# Visual Studio Version 17
VisualStudioVersion = 17.5.002.0
MinimumVisualStudioVersion = 10.0.40219.1
Project("{2150E333-8FDC-42A3-9474-1A3956D46DE8}") = "src", "src", "{3BF4851F-E5F4-40C4-ACEE-EAFA8A66C880}"
EndProject
Project("{2150E333-8FDC-42A3-9474-1A3956D46DE8}") = "services", "services", "{00682C39-9458-45BC-AD4F-440DD02893C8}"
EndProject
Project("{9A19103F-16F7-4668-BE54-9A1E7A4F7556}") = "Catalog.API", "src\services\Catalog\Catalog.API.csproj", "{23874F0D-1680-4E0F-A582-9DF84A1520DF}"
EndProject
Global
	GlobalSection(SolutionConfigurationPlatforms) = preSolution
		Debug|Any CPU = Debug|Any CPU
		Release|Any CPU = Release|Any CPU
	EndGlobalSection
	GlobalSection(ProjectConfigurationPlatforms) = postSolution
		{23874F0D-1680-4E0F-A582-9DF84A1520DF}.Debug|Any CPU.ActiveCfg = Debug|Any CPU
		{23874F0D-1680-4E0F-A582-9DF84A1520DF}.Debug|Any CPU.Build.0 = Debug|Any CPU
		{23874F0D-1680-4E0F-A582-9DF84A1520DF}.Release|Any CPU.ActiveCfg = Release|Any CPU
		{23874F0D-1680-4E0F-A582-9DF84A1520DF}.Release|Any CPU.Build.0 = Release|Any CPU
	EndGlobalSection
	GlobalSection(SolutionProperties) = preSolution
		HideSolutionNode = FALSE
	EndGlobalSection
	GlobalSection(NestedProjects) = preSolution
		{00682C39-9458-45BC-AD4F-440DD02893C8} = {3BF4851F-E5F4-40C4-ACEE-EAFA8A66C880}
		{23874F0D-1680-4E0F-A582-9DF84A1520DF} = {00682C39-9458-45BC-AD4F-440DD02893C8}
	EndGlobalSection
	GlobalSection(ExtensibilityGlobals) = postSolution
		SolutionGuid = {2C915C99-3C87-4B7F-92CE-DF09C2B2070A}
	EndGlobalSection
EndGlobal
