
Microsoft Visual Studio Solution File, Format Version 12.00
# Visual Studio Version 17
VisualStudioVersion = 17.5.002.0
MinimumVisualStudioVersion = 10.0.40219.1
Project("{2150E333-8FDC-42A3-9474-1A3956D46DE8}") = "src", "src", "{B41A4283-4C3D-4173-A6E0-52B61F9C886A}"
EndProject
Project("{2150E333-8FDC-42A3-9474-1A3956D46DE8}") = "services", "services", "{6A133D17-725C-402B-A8B1-DC0F50B7A5DC}"
EndProject
Project("{9A19103F-16F7-4668-BE54-9A1E7A4F7556}") = "Catalog.API", "src\services\Catalog\Catalog.API.csproj", "{EF6ADE8C-91F7-4C3A-91A8-E815B6201900}"
EndProject
Global
	GlobalSection(SolutionConfigurationPlatforms) = preSolution
		Debug|Any CPU = Debug|Any CPU
		Release|Any CPU = Release|Any CPU
	EndGlobalSection
	GlobalSection(ProjectConfigurationPlatforms) = postSolution
		{EF6ADE8C-91F7-4C3A-91A8-E815B6201900}.Debug|Any CPU.ActiveCfg = Debug|Any CPU
		{EF6ADE8C-91F7-4C3A-91A8-E815B6201900}.Debug|Any CPU.Build.0 = Debug|Any CPU
		{EF6ADE8C-91F7-4C3A-91A8-E815B6201900}.Release|Any CPU.ActiveCfg = Release|Any CPU
		{EF6ADE8C-91F7-4C3A-91A8-E815B6201900}.Release|Any CPU.Build.0 = Release|Any CPU
	EndGlobalSection
	GlobalSection(SolutionProperties) = preSolution
		HideSolutionNode = FALSE
	EndGlobalSection
	GlobalSection(NestedProjects) = preSolution
		{6A133D17-725C-402B-A8B1-DC0F50B7A5DC} = {B41A4283-4C3D-4173-A6E0-52B61F9C886A}
		{EF6ADE8C-91F7-4C3A-91A8-E815B6201900} = {6A133D17-725C-402B-A8B1-DC0F50B7A5DC}
	EndGlobalSection
	GlobalSection(ExtensibilityGlobals) = postSolution
		SolutionGuid = {364AE484-BECF-4B92-A440-046071E11599}
	EndGlobalSection
EndGlobal
