
Microsoft Visual Studio Solution File, Format Version 12.00
# Visual Studio Version 17
VisualStudioVersion = 17.5.002.0
MinimumVisualStudioVersion = 10.0.40219.1
Project("{2150E333-8FDC-42A3-9474-1A3956D46DE8}") = "src", "src", "{3BF4851F-E5F4-40C4-ACEE-EAFA8A66C880}"
EndProject
Project("{2150E333-8FDC-42A3-9474-1A3956D46DE8}") = "services", "services", "{00682C39-9458-45BC-AD4F-440DD02893C8}"
EndProject
Project("{9A19103F-16F7-4668-BE54-9A1E7A4F7556}") = "Catalog.API", "src\services\Catalog\Catalog.API.csproj", "{23874F0D-1680-4E0F-A582-9DF84A1520DF}"
EndProject
Project("{2150E333-8FDC-42A3-9474-1A3956D46DE8}") = "BuildingBlocks", "BuildingBlocks", "{6E497C0C-4100-4E08-AD4C-A2A0495A4DFD}"
EndProject
Project("{FAE04EC0-301F-11D3-BF4B-00C04F79EFBC}") = "BuildingBlocks", "src\BuildingBlocks\BuildingBlocks\BuildingBlocks.csproj", "{6E81CDE2-F6CE-4A51-ACEB-27635335D3C3}"
EndProject
Project("{2150E333-8FDC-42A3-9474-1A3956D46DE8}") = "Solution Items", "Solution Items", "{6184608C-86E9-4359-9EFE-C326E2E8C605}"
	ProjectSection(SolutionItems) = preProject
		docker-compose.yml = docker-compose.yml
	EndProjectSection
EndProject
Project("{FAE04EC0-301F-11D3-BF4B-00C04F79EFBC}") = "Basket.API", "src\services\Basket\Basket.API.csproj", "{4E2BCAEB-17F4-465C-84A5-21A7551433CA}"
EndProject
Project("{FAE04EC0-301F-11D3-BF4B-00C04F79EFBC}") = "Discount.GRPC", "src\services\Discount\Discount.GRPC.csproj", "{D97DB333-DE8A-43F3-A134-01069B592685}"
EndProject
Project("{2150E333-8FDC-42A3-9474-1A3956D46DE8}") = "Ordering", "Ordering", "{B34EBC4D-13FB-41EB-99E3-2FD51B97B169}"
EndProject
Project("{FAE04EC0-301F-11D3-BF4B-00C04F79EFBC}") = "Ordering.API", "src\services\Ordering\Ordering.API\Ordering.API.csproj", "{850F8C4E-0951-49FD-8179-A21707397E73}"
EndProject
Project("{FAE04EC0-301F-11D3-BF4B-00C04F79EFBC}") = "Ordering.Application", "src\services\Ordering\Ordering.Application\Ordering.Application.csproj", "{FFC89A7F-CC66-4A85-8D65-03C4020240FC}"
EndProject
Project("{FAE04EC0-301F-11D3-BF4B-00C04F79EFBC}") = "Ordering.Domain", "src\services\Ordering\Ordering.Domain\Ordering.Domain.csproj", "{40877937-52D4-4F27-A96D-F86DFC5CC6E3}"
EndProject
Project("{FAE04EC0-301F-11D3-BF4B-00C04F79EFBC}") = "Ordering.Infrastructure", "src\services\Ordering\Ordering.Infrastructure\Ordering.Infrastructure.csproj", "{045144BB-1400-49CA-8C32-DB98CDAFEB71}"
EndProject
Global
	GlobalSection(SolutionConfigurationPlatforms) = preSolution
		Debug|Any CPU = Debug|Any CPU
		Release|Any CPU = Release|Any CPU
	EndGlobalSection
	GlobalSection(ProjectConfigurationPlatforms) = postSolution
		{23874F0D-1680-4E0F-A582-9DF84A1520DF}.Debug|Any CPU.ActiveCfg = Debug|Any CPU
		{23874F0D-1680-4E0F-A582-9DF84A1520DF}.Debug|Any CPU.Build.0 = Debug|Any CPU
		{23874F0D-1680-4E0F-A582-9DF84A1520DF}.Release|Any CPU.ActiveCfg = Release|Any CPU
		{23874F0D-1680-4E0F-A582-9DF84A1520DF}.Release|Any CPU.Build.0 = Release|Any CPU
		{6E81CDE2-F6CE-4A51-ACEB-27635335D3C3}.Debug|Any CPU.ActiveCfg = Debug|Any CPU
		{6E81CDE2-F6CE-4A51-ACEB-27635335D3C3}.Debug|Any CPU.Build.0 = Debug|Any CPU
		{6E81CDE2-F6CE-4A51-ACEB-27635335D3C3}.Release|Any CPU.ActiveCfg = Release|Any CPU
		{6E81CDE2-F6CE-4A51-ACEB-27635335D3C3}.Release|Any CPU.Build.0 = Release|Any CPU
		{4E2BCAEB-17F4-465C-84A5-21A7551433CA}.Debug|Any CPU.ActiveCfg = Debug|Any CPU
		{4E2BCAEB-17F4-465C-84A5-21A7551433CA}.Debug|Any CPU.Build.0 = Debug|Any CPU
		{4E2BCAEB-17F4-465C-84A5-21A7551433CA}.Release|Any CPU.ActiveCfg = Release|Any CPU
		{4E2BCAEB-17F4-465C-84A5-21A7551433CA}.Release|Any CPU.Build.0 = Release|Any CPU
		{D97DB333-DE8A-43F3-A134-01069B592685}.Debug|Any CPU.ActiveCfg = Debug|Any CPU
		{D97DB333-DE8A-43F3-A134-01069B592685}.Debug|Any CPU.Build.0 = Debug|Any CPU
		{D97DB333-DE8A-43F3-A134-01069B592685}.Release|Any CPU.ActiveCfg = Release|Any CPU
		{D97DB333-DE8A-43F3-A134-01069B592685}.Release|Any CPU.Build.0 = Release|Any CPU
		{850F8C4E-0951-49FD-8179-A21707397E73}.Debug|Any CPU.ActiveCfg = Debug|Any CPU
		{850F8C4E-0951-49FD-8179-A21707397E73}.Debug|Any CPU.Build.0 = Debug|Any CPU
		{850F8C4E-0951-49FD-8179-A21707397E73}.Release|Any CPU.ActiveCfg = Release|Any CPU
		{850F8C4E-0951-49FD-8179-A21707397E73}.Release|Any CPU.Build.0 = Release|Any CPU
		{FFC89A7F-CC66-4A85-8D65-03C4020240FC}.Debug|Any CPU.ActiveCfg = Debug|Any CPU
		{FFC89A7F-CC66-4A85-8D65-03C4020240FC}.Debug|Any CPU.Build.0 = Debug|Any CPU
		{FFC89A7F-CC66-4A85-8D65-03C4020240FC}.Release|Any CPU.ActiveCfg = Release|Any CPU
		{FFC89A7F-CC66-4A85-8D65-03C4020240FC}.Release|Any CPU.Build.0 = Release|Any CPU
		{40877937-52D4-4F27-A96D-F86DFC5CC6E3}.Debug|Any CPU.ActiveCfg = Debug|Any CPU
		{40877937-52D4-4F27-A96D-F86DFC5CC6E3}.Debug|Any CPU.Build.0 = Debug|Any CPU
		{40877937-52D4-4F27-A96D-F86DFC5CC6E3}.Release|Any CPU.ActiveCfg = Release|Any CPU
		{40877937-52D4-4F27-A96D-F86DFC5CC6E3}.Release|Any CPU.Build.0 = Release|Any CPU
		{045144BB-1400-49CA-8C32-DB98CDAFEB71}.Debug|Any CPU.ActiveCfg = Debug|Any CPU
		{045144BB-1400-49CA-8C32-DB98CDAFEB71}.Debug|Any CPU.Build.0 = Debug|Any CPU
		{045144BB-1400-49CA-8C32-DB98CDAFEB71}.Release|Any CPU.ActiveCfg = Release|Any CPU
		{045144BB-1400-49CA-8C32-DB98CDAFEB71}.Release|Any CPU.Build.0 = Release|Any CPU
	EndGlobalSection
	GlobalSection(SolutionProperties) = preSolution
		HideSolutionNode = FALSE
	EndGlobalSection
	GlobalSection(NestedProjects) = preSolution
		{00682C39-9458-45BC-AD4F-440DD02893C8} = {3BF4851F-E5F4-40C4-ACEE-EAFA8A66C880}
		{23874F0D-1680-4E0F-A582-9DF84A1520DF} = {00682C39-9458-45BC-AD4F-440DD02893C8}
		{6E497C0C-4100-4E08-AD4C-A2A0495A4DFD} = {3BF4851F-E5F4-40C4-ACEE-EAFA8A66C880}
		{6E81CDE2-F6CE-4A51-ACEB-27635335D3C3} = {6E497C0C-4100-4E08-AD4C-A2A0495A4DFD}
		{4E2BCAEB-17F4-465C-84A5-21A7551433CA} = {00682C39-9458-45BC-AD4F-440DD02893C8}
		{D97DB333-DE8A-43F3-A134-01069B592685} = {00682C39-9458-45BC-AD4F-440DD02893C8}
		{B34EBC4D-13FB-41EB-99E3-2FD51B97B169} = {00682C39-9458-45BC-AD4F-440DD02893C8}
		{850F8C4E-0951-49FD-8179-A21707397E73} = {B34EBC4D-13FB-41EB-99E3-2FD51B97B169}
		{FFC89A7F-CC66-4A85-8D65-03C4020240FC} = {B34EBC4D-13FB-41EB-99E3-2FD51B97B169}
		{40877937-52D4-4F27-A96D-F86DFC5CC6E3} = {B34EBC4D-13FB-41EB-99E3-2FD51B97B169}
		{045144BB-1400-49CA-8C32-DB98CDAFEB71} = {B34EBC4D-13FB-41EB-99E3-2FD51B97B169}
	EndGlobalSection
	GlobalSection(ExtensibilityGlobals) = postSolution
		SolutionGuid = {2C915C99-3C87-4B7F-92CE-DF09C2B2070A}
	EndGlobalSection
EndGlobal
